// !$*UTF8*$!
{
	archiveVersion = 1;
	classes = {
	};
	objectVersion = 56;
	objects = {

/* Begin PBXBuildFile section */
		271FD45F2B5FB96800240F9E /* User_iOS_testApp.swift in Sources */ = {isa = PBXBuildFile; fileRef = 271FD45E2B5FB96800240F9E /* User_iOS_testApp.swift */; };
		271FD4612B5FB96800240F9E /* MainView.swift in Sources */ = {isa = PBXBuildFile; fileRef = 271FD4602B5FB96800240F9E /* MainView.swift */; };
		271FD4632B5FB96900240F9E /* Assets.xcassets in Resources */ = {isa = PBXBuildFile; fileRef = 271FD4622B5FB96900240F9E /* Assets.xcassets */; };
		271FD4662B5FB96900240F9E /* Preview Assets.xcassets in Resources */ = {isa = PBXBuildFile; fileRef = 271FD4652B5FB96900240F9E /* Preview Assets.xcassets */; };
		271FD46E2B5FBA5F00240F9E /* User.swift in Sources */ = {isa = PBXBuildFile; fileRef = 271FD46D2B5FBA5F00240F9E /* User.swift */; };
		271FD4712B5FBAA400240F9E /* UserView.swift in Sources */ = {isa = PBXBuildFile; fileRef = 271FD4702B5FBAA400240F9E /* UserView.swift */; };
		271FD4742B5FC74900240F9E /* RemoteImageView.swift in Sources */ = {isa = PBXBuildFile; fileRef = 271FD4732B5FC74900240F9E /* RemoteImageView.swift */; };
		271FD4762B5FC79300240F9E /* CacheManager.swift in Sources */ = {isa = PBXBuildFile; fileRef = 271FD4752B5FC79300240F9E /* CacheManager.swift */; };
		271FD4792B5FCE1900240F9E /* UserService.swift in Sources */ = {isa = PBXBuildFile; fileRef = 271FD4782B5FCE1900240F9E /* UserService.swift */; };
		271FD47B2B5FCE8700240F9E /* BaseNetworkManager.swift in Sources */ = {isa = PBXBuildFile; fileRef = 271FD47A2B5FCE8700240F9E /* BaseNetworkManager.swift */; };
		271FD4822B5FD01D00240F9E /* UsersViewModel.swift in Sources */ = {isa = PBXBuildFile; fileRef = 271FD4812B5FD01D00240F9E /* UsersViewModel.swift */; };
		271FD4842B5FDB2700240F9E /* ActivityIndicator.swift in Sources */ = {isa = PBXBuildFile; fileRef = 271FD4832B5FDB2700240F9E /* ActivityIndicator.swift */; };
/* End PBXBuildFile section */

/* Begin PBXFileReference section */
		271FD45B2B5FB96800240F9E /* User_iOS_test.app */ = {isa = PBXFileReference; explicitFileType = wrapper.application; includeInIndex = 0; path = User_iOS_test.app; sourceTree = BUILT_PRODUCTS_DIR; };
		271FD45E2B5FB96800240F9E /* User_iOS_testApp.swift */ = {isa = PBXFileReference; lastKnownFileType = sourcecode.swift; path = User_iOS_testApp.swift; sourceTree = "<group>"; };
		271FD4602B5FB96800240F9E /* MainView.swift */ = {isa = PBXFileReference; indentWidth = 2; lastKnownFileType = sourcecode.swift; path = MainView.swift; sourceTree = "<group>"; tabWidth = 2; };
		271FD4622B5FB96900240F9E /* Assets.xcassets */ = {isa = PBXFileReference; lastKnownFileType = folder.assetcatalog; path = Assets.xcassets; sourceTree = "<group>"; };
		271FD4652B5FB96900240F9E /* Preview Assets.xcassets */ = {isa = PBXFileReference; lastKnownFileType = folder.assetcatalog; path = "Preview Assets.xcassets"; sourceTree = "<group>"; };
		271FD46D2B5FBA5F00240F9E /* User.swift */ = {isa = PBXFileReference; indentWidth = 2; lastKnownFileType = sourcecode.swift; path = User.swift; sourceTree = "<group>"; tabWidth = 2; };
		271FD4702B5FBAA400240F9E /* UserView.swift */ = {isa = PBXFileReference; indentWidth = 2; lastKnownFileType = sourcecode.swift; path = UserView.swift; sourceTree = "<group>"; tabWidth = 2; };
		271FD4732B5FC74900240F9E /* RemoteImageView.swift */ = {isa = PBXFileReference; lastKnownFileType = sourcecode.swift; path = RemoteImageView.swift; sourceTree = "<group>"; };
		271FD4752B5FC79300240F9E /* CacheManager.swift */ = {isa = PBXFileReference; lastKnownFileType = sourcecode.swift; path = CacheManager.swift; sourceTree = "<group>"; };
		271FD4782B5FCE1900240F9E /* UserService.swift */ = {isa = PBXFileReference; indentWidth = 2; lastKnownFileType = sourcecode.swift; path = UserService.swift; sourceTree = "<group>"; tabWidth = 2; };
		271FD47A2B5FCE8700240F9E /* BaseNetworkManager.swift */ = {isa = PBXFileReference; lastKnownFileType = sourcecode.swift; path = BaseNetworkManager.swift; sourceTree = "<group>"; };
		271FD4812B5FD01D00240F9E /* UsersViewModel.swift */ = {isa = PBXFileReference; indentWidth = 2; lastKnownFileType = sourcecode.swift; path = UsersViewModel.swift; sourceTree = "<group>"; tabWidth = 2; usesTabs = 1; };
		271FD4832B5FDB2700240F9E /* ActivityIndicator.swift */ = {isa = PBXFileReference; lastKnownFileType = sourcecode.swift; path = ActivityIndicator.swift; sourceTree = "<group>"; };
/* End PBXFileReference section */

/* Begin PBXFrameworksBuildPhase section */
		271FD4582B5FB96800240F9E /* Frameworks */ = {
			isa = PBXFrameworksBuildPhase;
			buildActionMask = 2147483647;
			files = (
			);
			runOnlyForDeploymentPostprocessing = 0;
		};
/* End PBXFrameworksBuildPhase section */

/* Begin PBXGroup section */
		271FD4522B5FB96800240F9E = {
			isa = PBXGroup;
			children = (
				271FD45D2B5FB96800240F9E /* User_iOS_test */,
				271FD45C2B5FB96800240F9E /* Products */,
			);
			sourceTree = "<group>";
		};
		271FD45C2B5FB96800240F9E /* Products */ = {
			isa = PBXGroup;
			children = (
				271FD45B2B5FB96800240F9E /* User_iOS_test.app */,
			);
			name = Products;
			sourceTree = "<group>";
		};
		271FD45D2B5FB96800240F9E /* User_iOS_test */ = {
			isa = PBXGroup;
			children = (
				271FD45E2B5FB96800240F9E /* User_iOS_testApp.swift */,
				271FD47E2B5FCFFE00240F9E /* ViewModel */,
				271FD4772B5FCE0800240F9E /* Services */,
				271FD46F2B5FBA9400240F9E /* Views */,
				271FD46C2B5FBA5600240F9E /* Models */,
				271FD4622B5FB96900240F9E /* Assets.xcassets */,
				271FD4722B5FC72200240F9E /* Utility */,
				271FD4642B5FB96900240F9E /* Preview Content */,
			);
			path = User_iOS_test;
			sourceTree = "<group>";
		};
		271FD4642B5FB96900240F9E /* Preview Content */ = {
			isa = PBXGroup;
			children = (
				271FD4652B5FB96900240F9E /* Preview Assets.xcassets */,
			);
			path = "Preview Content";
			sourceTree = "<group>";
		};
		271FD46C2B5FBA5600240F9E /* Models */ = {
			isa = PBXGroup;
			children = (
				271FD46D2B5FBA5F00240F9E /* User.swift */,
			);
			path = Models;
			sourceTree = "<group>";
		};
		271FD46F2B5FBA9400240F9E /* Views */ = {
			isa = PBXGroup;
			children = (
				271FD4602B5FB96800240F9E /* MainView.swift */,
				271FD4702B5FBAA400240F9E /* UserView.swift */,
				271FD4732B5FC74900240F9E /* RemoteImageView.swift */,
				271FD4832B5FDB2700240F9E /* ActivityIndicator.swift */,
			);
			path = Views;
			sourceTree = "<group>";
		};
		271FD4722B5FC72200240F9E /* Utility */ = {
			isa = PBXGroup;
			children = (
				271FD4752B5FC79300240F9E /* CacheManager.swift */,
			);
			path = Utility;
			sourceTree = "<group>";
		};
		271FD4772B5FCE0800240F9E /* Services */ = {
			isa = PBXGroup;
			children = (
				271FD4782B5FCE1900240F9E /* UserService.swift */,
				271FD47A2B5FCE8700240F9E /* BaseNetworkManager.swift */,
			);
			path = Services;
			sourceTree = "<group>";
		};
		271FD47E2B5FCFFE00240F9E /* ViewModel */ = {
			isa = PBXGroup;
			children = (
				271FD4812B5FD01D00240F9E /* UsersViewModel.swift */,
			);
			path = ViewModel;
			sourceTree = "<group>";
		};
/* End PBXGroup section */

/* Begin PBXNativeTarget section */
		271FD45A2B5FB96800240F9E /* User_iOS_test */ = {
			isa = PBXNativeTarget;
			buildConfigurationList = 271FD4692B5FB96900240F9E /* Build configuration list for PBXNativeTarget "User_iOS_test" */;
			buildPhases = (
				271FD4572B5FB96800240F9E /* Sources */,
				271FD4582B5FB96800240F9E /* Frameworks */,
				271FD4592B5FB96800240F9E /* Resources */,
			);
			buildRules = (
			);
			dependencies = (
			);
			name = User_iOS_test;
			productName = User_iOS_test;
			productReference = 271FD45B2B5FB96800240F9E /* User_iOS_test.app */;
			productType = "com.apple.product-type.application";
		};
/* End PBXNativeTarget section */

/* Begin PBXProject section */
		271FD4532B5FB96800240F9E /* Project object */ = {
			isa = PBXProject;
			attributes = {
				BuildIndependentTargetsInParallel = 1;
				LastSwiftUpdateCheck = 1500;
				LastUpgradeCheck = 1500;
				TargetAttributes = {
					271FD45A2B5FB96800240F9E = {
						CreatedOnToolsVersion = 15.0.1;
					};
				};
			};
			buildConfigurationList = 271FD4562B5FB96800240F9E /* Build configuration list for PBXProject "User_iOS_test" */;
			compatibilityVersion = "Xcode 14.0";
			developmentRegion = en;
			hasScannedForEncodings = 0;
			knownRegions = (
				en,
				Base,
			);
			mainGroup = 271FD4522B5FB96800240F9E;
			productRefGroup = 271FD45C2B5FB96800240F9E /* Products */;
			projectDirPath = "";
			projectRoot = "";
			targets = (
				271FD45A2B5FB96800240F9E /* User_iOS_test */,
			);
		};
/* End PBXProject section */

/* Begin PBXResourcesBuildPhase section */
		271FD4592B5FB96800240F9E /* Resources */ = {
			isa = PBXResourcesBuildPhase;
			buildActionMask = 2147483647;
			files = (
				271FD4662B5FB96900240F9E /* Preview Assets.xcassets in Resources */,
				271FD4632B5FB96900240F9E /* Assets.xcassets in Resources */,
			);
			runOnlyForDeploymentPostprocessing = 0;
		};
/* End PBXResourcesBuildPhase section */

/* Begin PBXSourcesBuildPhase section */
		271FD4572B5FB96800240F9E /* Sources */ = {
			isa = PBXSourcesBuildPhase;
			buildActionMask = 2147483647;
			files = (
				271FD4792B5FCE1900240F9E /* UserService.swift in Sources */,
				271FD4612B5FB96800240F9E /* MainView.swift in Sources */,
				271FD45F2B5FB96800240F9E /* User_iOS_testApp.swift in Sources */,
				271FD47B2B5FCE8700240F9E /* BaseNetworkManager.swift in Sources */,
				271FD46E2B5FBA5F00240F9E /* User.swift in Sources */,
				271FD4742B5FC74900240F9E /* RemoteImageView.swift in Sources */,
				271FD4842B5FDB2700240F9E /* ActivityIndicator.swift in Sources */,
				271FD4762B5FC79300240F9E /* CacheManager.swift in Sources */,
				271FD4712B5FBAA400240F9E /* UserView.swift in Sources */,
				271FD4822B5FD01D00240F9E /* UsersViewModel.swift in Sources */,
			);
			runOnlyForDeploymentPostprocessing = 0;
		};
/* End PBXSourcesBuildPhase section */

/* Begin XCBuildConfiguration section */
		271FD4672B5FB96900240F9E /* Debug */ = {
			isa = XCBuildConfiguration;
			buildSettings = {
				ALWAYS_SEARCH_USER_PATHS = NO;
				ASSETCATALOG_COMPILER_GENERATE_SWIFT_ASSET_SYMBOL_EXTENSIONS = YES;
				CLANG_ANALYZER_NONNULL = YES;
				CLANG_ANALYZER_NUMBER_OBJECT_CONVERSION = YES_AGGRESSIVE;
				CLANG_CXX_LANGUAGE_STANDARD = "gnu++20";
				CLANG_ENABLE_MODULES = YES;
				CLANG_ENABLE_OBJC_ARC = YES;
				CLANG_ENABLE_OBJC_WEAK = YES;
				CLANG_WARN_BLOCK_CAPTURE_AUTORELEASING = YES;
				CLANG_WARN_BOOL_CONVERSION = YES;
				CLANG_WARN_COMMA = YES;
				CLANG_WARN_CONSTANT_CONVERSION = YES;
				CLANG_WARN_DEPRECATED_OBJC_IMPLEMENTATIONS = YES;
				CLANG_WARN_DIRECT_OBJC_ISA_USAGE = YES_ERROR;
				CLANG_WARN_DOCUMENTATION_COMMENTS = YES;
				CLANG_WARN_EMPTY_BODY = YES;
				CLANG_WARN_ENUM_CONVERSION = YES;
				CLANG_WARN_INFINITE_RECURSION = YES;
				CLANG_WARN_INT_CONVERSION = YES;
				CLANG_WARN_NON_LITERAL_NULL_CONVERSION = YES;
				CLANG_WARN_OBJC_IMPLICIT_RETAIN_SELF = YES;
				CLANG_WARN_OBJC_LITERAL_CONVERSION = YES;
				CLANG_WARN_OBJC_ROOT_CLASS = YES_ERROR;
				CLANG_WARN_QUOTED_INCLUDE_IN_FRAMEWORK_HEADER = YES;
				CLANG_WARN_RANGE_LOOP_ANALYSIS = YES;
				CLANG_WARN_STRICT_PROTOTYPES = YES;
				CLANG_WARN_SUSPICIOUS_MOVE = YES;
				CLANG_WARN_UNGUARDED_AVAILABILITY = YES_AGGRESSIVE;
				CLANG_WARN_UNREACHABLE_CODE = YES;
				CLANG_WARN__DUPLICATE_METHOD_MATCH = YES;
				COPY_PHASE_STRIP = NO;
				DEBUG_INFORMATION_FORMAT = dwarf;
				ENABLE_STRICT_OBJC_MSGSEND = YES;
				ENABLE_TESTABILITY = YES;
				ENABLE_USER_SCRIPT_SANDBOXING = YES;
				GCC_C_LANGUAGE_STANDARD = gnu17;
				GCC_DYNAMIC_NO_PIC = NO;
				GCC_NO_COMMON_BLOCKS = YES;
				GCC_OPTIMIZATION_LEVEL = 0;
				GCC_PREPROCESSOR_DEFINITIONS = (
					"DEBUG=1",
					"$(inherited)",
				);
				GCC_WARN_64_TO_32_BIT_CONVERSION = YES;
				GCC_WARN_ABOUT_RETURN_TYPE = YES_ERROR;
				GCC_WARN_UNDECLARED_SELECTOR = YES;
				GCC_WARN_UNINITIALIZED_AUTOS = YES_AGGRESSIVE;
				GCC_WARN_UNUSED_FUNCTION = YES;
				GCC_WARN_UNUSED_VARIABLE = YES;
				IPHONEOS_DEPLOYMENT_TARGET = 17.0;
				LOCALIZATION_PREFERS_STRING_CATALOGS = YES;
				MTL_ENABLE_DEBUG_INFO = INCLUDE_SOURCE;
				MTL_FAST_MATH = YES;
				ONLY_ACTIVE_ARCH = YES;
				SDKROOT = iphoneos;
				SWIFT_ACTIVE_COMPILATION_CONDITIONS = "DEBUG $(inherited)";
				SWIFT_OPTIMIZATION_LEVEL = "-Onone";
			};
			name = Debug;
		};
		271FD4682B5FB96900240F9E /* Release */ = {
			isa = XCBuildConfiguration;
			buildSettings = {
				ALWAYS_SEARCH_USER_PATHS = NO;
				ASSETCATALOG_COMPILER_GENERATE_SWIFT_ASSET_SYMBOL_EXTENSIONS = YES;
				CLANG_ANALYZER_NONNULL = YES;
				CLANG_ANALYZER_NUMBER_OBJECT_CONVERSION = YES_AGGRESSIVE;
				CLANG_CXX_LANGUAGE_STANDARD = "gnu++20";
				CLANG_ENABLE_MODULES = YES;
				CLANG_ENABLE_OBJC_ARC = YES;
				CLANG_ENABLE_OBJC_WEAK = YES;
				CLANG_WARN_BLOCK_CAPTURE_AUTORELEASING = YES;
				CLANG_WARN_BOOL_CONVERSION = YES;
				CLANG_WARN_COMMA = YES;
				CLANG_WARN_CONSTANT_CONVERSION = YES;
				CLANG_WARN_DEPRECATED_OBJC_IMPLEMENTATIONS = YES;
				CLANG_WARN_DIRECT_OBJC_ISA_USAGE = YES_ERROR;
				CLANG_WARN_DOCUMENTATION_COMMENTS = YES;
				CLANG_WARN_EMPTY_BODY = YES;
				CLANG_WARN_ENUM_CONVERSION = YES;
				CLANG_WARN_INFINITE_RECURSION = YES;
				CLANG_WARN_INT_CONVERSION = YES;
				CLANG_WARN_NON_LITERAL_NULL_CONVERSION = YES;
				CLANG_WARN_OBJC_IMPLICIT_RETAIN_SELF = YES;
				CLANG_WARN_OBJC_LITERAL_CONVERSION = YES;
				CLANG_WARN_OBJC_ROOT_CLASS = YES_ERROR;
				CLANG_WARN_QUOTED_INCLUDE_IN_FRAMEWORK_HEADER = YES;
				CLANG_WARN_RANGE_LOOP_ANALYSIS = YES;
				CLANG_WARN_STRICT_PROTOTYPES = YES;
				CLANG_WARN_SUSPICIOUS_MOVE = YES;
				CLANG_WARN_UNGUARDED_AVAILABILITY = YES_AGGRESSIVE;
				CLANG_WARN_UNREACHABLE_CODE = YES;
				CLANG_WARN__DUPLICATE_METHOD_MATCH = YES;
				COPY_PHASE_STRIP = NO;
				DEBUG_INFORMATION_FORMAT = "dwarf-with-dsym";
				ENABLE_NS_ASSERTIONS = NO;
				ENABLE_STRICT_OBJC_MSGSEND = YES;
				ENABLE_USER_SCRIPT_SANDBOXING = YES;
				GCC_C_LANGUAGE_STANDARD = gnu17;
				GCC_NO_COMMON_BLOCKS = YES;
				GCC_WARN_64_TO_32_BIT_CONVERSION = YES;
				GCC_WARN_ABOUT_RETURN_TYPE = YES_ERROR;
				GCC_WARN_UNDECLARED_SELECTOR = YES;
				GCC_WARN_UNINITIALIZED_AUTOS = YES_AGGRESSIVE;
				GCC_WARN_UNUSED_FUNCTION = YES;
				GCC_WARN_UNUSED_VARIABLE = YES;
				IPHONEOS_DEPLOYMENT_TARGET = 17.0;
				LOCALIZATION_PREFERS_STRING_CATALOGS = YES;
				MTL_ENABLE_DEBUG_INFO = NO;
				MTL_FAST_MATH = YES;
				SDKROOT = iphoneos;
				SWIFT_COMPILATION_MODE = wholemodule;
				VALIDATE_PRODUCT = YES;
			};
			name = Release;
		};
		271FD46A2B5FB96900240F9E /* Debug */ = {
			isa = XCBuildConfiguration;
			buildSettings = {
				ASSETCATALOG_COMPILER_APPICON_NAME = AppIcon;
				ASSETCATALOG_COMPILER_GLOBAL_ACCENT_COLOR_NAME = AccentColor;
				CODE_SIGN_STYLE = Automatic;
				CURRENT_PROJECT_VERSION = 1;
				DEVELOPMENT_ASSET_PATHS = "\"User_iOS_test/Preview Content\"";
				DEVELOPMENT_TEAM = JU922HQFPV;
				ENABLE_PREVIEWS = YES;
				GENERATE_INFOPLIST_FILE = YES;
				INFOPLIST_KEY_UIApplicationSceneManifest_Generation = YES;
				INFOPLIST_KEY_UIApplicationSupportsIndirectInputEvents = YES;
				INFOPLIST_KEY_UILaunchScreen_Generation = YES;
				INFOPLIST_KEY_UISupportedInterfaceOrientations_iPad = "UIInterfaceOrientationPortrait UIInterfaceOrientationPortraitUpsideDown UIInterfaceOrientationLandscapeLeft UIInterfaceOrientationLandscapeRight";
				INFOPLIST_KEY_UISupportedInterfaceOrientations_iPhone = "UIInterfaceOrientationPortrait UIInterfaceOrientationLandscapeLeft UIInterfaceOrientationLandscapeRight";
				LD_RUNPATH_SEARCH_PATHS = (
					"$(inherited)",
					"@executable_path/Frameworks",
				);
				MARKETING_VERSION = 1.0;
				PRODUCT_BUNDLE_IDENTIFIER = "com.anirudhamahale.test.User-iOS-test";
				PRODUCT_NAME = "$(TARGET_NAME)";
				SWIFT_EMIT_LOC_STRINGS = YES;
				SWIFT_VERSION = 5.0;
				TARGETED_DEVICE_FAMILY = "1,2";
			};
			name = Debug;
		};
		271FD46B2B5FB96900240F9E /* Release */ = {
			isa = XCBuildConfiguration;
			buildSettings = {
				ASSETCATALOG_COMPILER_APPICON_NAME = AppIcon;
				ASSETCATALOG_COMPILER_GLOBAL_ACCENT_COLOR_NAME = AccentColor;
				CODE_SIGN_STYLE = Automatic;
				CURRENT_PROJECT_VERSION = 1;
				DEVELOPMENT_ASSET_PATHS = "\"User_iOS_test/Preview Content\"";
				DEVELOPMENT_TEAM = JU922HQFPV;
				ENABLE_PREVIEWS = YES;
				GENERATE_INFOPLIST_FILE = YES;
				INFOPLIST_KEY_UIApplicationSceneManifest_Generation = YES;
				INFOPLIST_KEY_UIApplicationSupportsIndirectInputEvents = YES;
				INFOPLIST_KEY_UILaunchScreen_Generation = YES;
				INFOPLIST_KEY_UISupportedInterfaceOrientations_iPad = "UIInterfaceOrientationPortrait UIInterfaceOrientationPortraitUpsideDown UIInterfaceOrientationLandscapeLeft UIInterfaceOrientationLandscapeRight";
				INFOPLIST_KEY_UISupportedInterfaceOrientations_iPhone = "UIInterfaceOrientationPortrait UIInterfaceOrientationLandscapeLeft UIInterfaceOrientationLandscapeRight";
				LD_RUNPATH_SEARCH_PATHS = (
					"$(inherited)",
					"@executable_path/Frameworks",
				);
				MARKETING_VERSION = 1.0;
				PRODUCT_BUNDLE_IDENTIFIER = "com.anirudhamahale.test.User-iOS-test";
				PRODUCT_NAME = "$(TARGET_NAME)";
				SWIFT_EMIT_LOC_STRINGS = YES;
				SWIFT_VERSION = 5.0;
				TARGETED_DEVICE_FAMILY = "1,2";
			};
			name = Release;
		};
/* End XCBuildConfiguration section */

/* Begin XCConfigurationList section */
		271FD4562B5FB96800240F9E /* Build configuration list for PBXProject "User_iOS_test" */ = {
			isa = XCConfigurationList;
			buildConfigurations = (
				271FD4672B5FB96900240F9E /* Debug */,
				271FD4682B5FB96900240F9E /* Release */,
			);
			defaultConfigurationIsVisible = 0;
			defaultConfigurationName = Release;
		};
		271FD4692B5FB96900240F9E /* Build configuration list for PBXNativeTarget "User_iOS_test" */ = {
			isa = XCConfigurationList;
			buildConfigurations = (
				271FD46A2B5FB96900240F9E /* Debug */,
				271FD46B2B5FB96900240F9E /* Release */,
			);
			defaultConfigurationIsVisible = 0;
			defaultConfigurationName = Release;
		};
/* End XCConfigurationList section */
	};
	rootObject = 271FD4532B5FB96800240F9E /* Project object */;
}
